
Microsoft Visual Studio Solution File, Format Version 11.00
# Visual Studio 2010
Project("{FAE04EC0-301F-11D3-BF4B-00C04F79EFBC}") = "URPGlitch", "URPGlitch.csproj", "{bc949118-b509-99dd-26f9-f665832b93a7}"
EndProject
Project("{FAE04EC0-301F-11D3-BF4B-00C04F79EFBC}") = "Assembly-CSharp", "Assembly-CSharp.csproj", "{6ca44abb-17e5-b4cf-6d4a-79e4ee387f0c}"
EndProject
Project("{FAE04EC0-301F-11D3-BF4B-00C04F79EFBC}") = "Assembly-CSharp-Editor", "Assembly-CSharp-Editor.csproj", "{d87531e4-e0dd-6a1a-b4ba-28cf00159ae5}"
EndProject
Global
	GlobalSection(SolutionConfigurationPlatforms) = preSolution
		Debug|Any CPU = Debug|Any CPU
	EndGlobalSection
	GlobalSection(ProjectConfigurationPlatforms) = postSolution
		{bc949118-b509-99dd-26f9-f665832b93a7}.Debug|Any CPU.ActiveCfg = Debug|Any CPU
		{bc949118-b509-99dd-26f9-f665832b93a7}.Debug|Any CPU.Build.0 = Debug|Any CPU
		{6ca44abb-17e5-b4cf-6d4a-79e4ee387f0c}.Debug|Any CPU.ActiveCfg = Debug|Any CPU
		{6ca44abb-17e5-b4cf-6d4a-79e4ee387f0c}.Debug|Any CPU.Build.0 = Debug|Any CPU
		{d87531e4-e0dd-6a1a-b4ba-28cf00159ae5}.Debug|Any CPU.ActiveCfg = Debug|Any CPU
		{d87531e4-e0dd-6a1a-b4ba-28cf00159ae5}.Debug|Any CPU.Build.0 = Debug|Any CPU
	EndGlobalSection
	GlobalSection(SolutionProperties) = preSolution
		HideSolutionNode = FALSE
	EndGlobalSection
EndGlobal
